# This file is automatically @generated by Cargo.
# It is not intended for manual editing.
version = 4

[[package]]
name = "rubase"
version = "0.1.0"

[[package]]
name = "rubase-benchmarks"
version = "0.1.0"
dependencies = [
 "rubase",
]

[[package]]
name = "rubase-cli"
version = "0.1.0"
dependencies = [
 "rubase",
]

[[package]]
name = "rubase-compatibility-tests"
version = "0.1.0"
dependencies = [
 "rubase",
]

[[package]]
name = "rubase-integration-tests"
version = "0.1.0"
dependencies = [
 "rubase",
]

[[package]]
name = "xtask"
version = "0.1.0"
